
Microsoft Visual Studio Solution File, Format Version 12.00
# Visual Studio Version 17
VisualStudioVersion = 17.0.31919.166
MinimumVisualStudioVersion = 10.0.40219.1
Project("{2150E333-8FDC-42A3-9474-1A3956D46DE8}") = "Src", "Src", "{781566AA-F56D-46B9-B58E-28B358345EC7}"
EndProject
Project("{2150E333-8FDC-42A3-9474-1A3956D46DE8}") = "Core", "Core", "{7285A9E7-5BE2-487B-A848-ABACA9E9DE62}"
EndProject
Project("{9A19103F-16F7-4668-BE54-9A1E7A4F7556}") = "Travel.Application", "Src\Core\Travel.Application\Travel.Application.csproj", "{FFFA24EF-52DB-41C5-A615-202C79A7A8DF}"
EndProject
Project("{9A19103F-16F7-4668-BE54-9A1E7A4F7556}") = "Travel.Domain", "Src\Core\Travel.Domain\Travel.Domain.csproj", "{3534E3C5-6CD0-445E-A8A6-B3D5B501483D}"
EndProject
Project("{2150E333-8FDC-42A3-9474-1A3956D46DE8}") = "Infrastructure", "Infrastructure", "{9A3CBBDE-A693-4E28-BBB2-A5D4949F4F86}"
EndProject
Project("{9A19103F-16F7-4668-BE54-9A1E7A4F7556}") = "Travel.Data", "Src\Infrastructure\Travel.Data\Travel.Data.csproj", "{3A91929A-5CC2-4902-A243-FDD2306D85DF}"
EndProject
Project("{9A19103F-16F7-4668-BE54-9A1E7A4F7556}") = "Travel.Shared", "Src\Infrastructure\Travel.Shared\Travel.Shared.csproj", "{33203436-0534-4F84-86FC-F50E7F1B3791}"
EndProject
Project("{2150E333-8FDC-42A3-9474-1A3956D46DE8}") = "Presentation", "Presentation", "{B7A7FAA8-9E04-49DF-86F8-18AC37713325}"
EndProject
Project("{9A19103F-16F7-4668-BE54-9A1E7A4F7556}") = "Travel.WebApi", "Src\Presentation\Travel.WebApi\Travel.WebApi.csproj", "{5132595F-21B0-4349-844A-03EAAE761430}"
EndProject
Project("{9A19103F-16F7-4668-BE54-9A1E7A4F7556}") = "Travel.Identity", "Src\Infrastructure\Travel.Identity\Travel.Identity.csproj", "{A480A358-67A5-4E14-B503-9A3E2DB3E8A4}"
EndProject
Project("{2150E333-8FDC-42A3-9474-1A3956D46DE8}") = "Tests", "Tests", "{C8DD45B4-4FD5-4AAF-922E-2B7911CC7DFC}"
EndProject
Project("{9A19103F-16F7-4668-BE54-9A1E7A4F7556}") = "Application.IntegrationTests", "Tests\Application.IntegrationTests\Application.IntegrationTests.csproj", "{B29C0D41-ED32-45F7-A344-F4DC7F4930E6}"
EndProject
Project("{9A19103F-16F7-4668-BE54-9A1E7A4F7556}") = "Application.UnitTests", "Tests\Application.UnitTests\Application.UnitTests.csproj", "{BCFC2DE3-5269-47D0-9E46-F9D7A44AF9D4}"
EndProject
Global
	GlobalSection(SolutionConfigurationPlatforms) = preSolution
		Debug|Any CPU = Debug|Any CPU
		Debug|x64 = Debug|x64
		Debug|x86 = Debug|x86
		Release|Any CPU = Release|Any CPU
		Release|x64 = Release|x64
		Release|x86 = Release|x86
	EndGlobalSection
	GlobalSection(ProjectConfigurationPlatforms) = postSolution
		{FFFA24EF-52DB-41C5-A615-202C79A7A8DF}.Debug|Any CPU.ActiveCfg = Debug|Any CPU
		{FFFA24EF-52DB-41C5-A615-202C79A7A8DF}.Debug|Any CPU.Build.0 = Debug|Any CPU
		{FFFA24EF-52DB-41C5-A615-202C79A7A8DF}.Debug|x64.ActiveCfg = Debug|Any CPU
		{FFFA24EF-52DB-41C5-A615-202C79A7A8DF}.Debug|x64.Build.0 = Debug|Any CPU
		{FFFA24EF-52DB-41C5-A615-202C79A7A8DF}.Debug|x86.ActiveCfg = Debug|Any CPU
		{FFFA24EF-52DB-41C5-A615-202C79A7A8DF}.Debug|x86.Build.0 = Debug|Any CPU
		{FFFA24EF-52DB-41C5-A615-202C79A7A8DF}.Release|Any CPU.ActiveCfg = Release|Any CPU
		{FFFA24EF-52DB-41C5-A615-202C79A7A8DF}.Release|Any CPU.Build.0 = Release|Any CPU
		{FFFA24EF-52DB-41C5-A615-202C79A7A8DF}.Release|x64.ActiveCfg = Release|Any CPU
		{FFFA24EF-52DB-41C5-A615-202C79A7A8DF}.Release|x64.Build.0 = Release|Any CPU
		{FFFA24EF-52DB-41C5-A615-202C79A7A8DF}.Release|x86.ActiveCfg = Release|Any CPU
		{FFFA24EF-52DB-41C5-A615-202C79A7A8DF}.Release|x86.Build.0 = Release|Any CPU
		{3534E3C5-6CD0-445E-A8A6-B3D5B501483D}.Debug|Any CPU.ActiveCfg = Debug|Any CPU
		{3534E3C5-6CD0-445E-A8A6-B3D5B501483D}.Debug|Any CPU.Build.0 = Debug|Any CPU
		{3534E3C5-6CD0-445E-A8A6-B3D5B501483D}.Debug|x64.ActiveCfg = Debug|Any CPU
		{3534E3C5-6CD0-445E-A8A6-B3D5B501483D}.Debug|x64.Build.0 = Debug|Any CPU
		{3534E3C5-6CD0-445E-A8A6-B3D5B501483D}.Debug|x86.ActiveCfg = Debug|Any CPU
		{3534E3C5-6CD0-445E-A8A6-B3D5B501483D}.Debug|x86.Build.0 = Debug|Any CPU
		{3534E3C5-6CD0-445E-A8A6-B3D5B501483D}.Release|Any CPU.ActiveCfg = Release|Any CPU
		{3534E3C5-6CD0-445E-A8A6-B3D5B501483D}.Release|Any CPU.Build.0 = Release|Any CPU
		{3534E3C5-6CD0-445E-A8A6-B3D5B501483D}.Release|x64.ActiveCfg = Release|Any CPU
		{3534E3C5-6CD0-445E-A8A6-B3D5B501483D}.Release|x64.Build.0 = Release|Any CPU
		{3534E3C5-6CD0-445E-A8A6-B3D5B501483D}.Release|x86.ActiveCfg = Release|Any CPU
		{3534E3C5-6CD0-445E-A8A6-B3D5B501483D}.Release|x86.Build.0 = Release|Any CPU
		{3A91929A-5CC2-4902-A243-FDD2306D85DF}.Debug|Any CPU.ActiveCfg = Debug|Any CPU
		{3A91929A-5CC2-4902-A243-FDD2306D85DF}.Debug|Any CPU.Build.0 = Debug|Any CPU
		{3A91929A-5CC2-4902-A243-FDD2306D85DF}.Debug|x64.ActiveCfg = Debug|Any CPU
		{3A91929A-5CC2-4902-A243-FDD2306D85DF}.Debug|x64.Build.0 = Debug|Any CPU
		{3A91929A-5CC2-4902-A243-FDD2306D85DF}.Debug|x86.ActiveCfg = Debug|Any CPU
		{3A91929A-5CC2-4902-A243-FDD2306D85DF}.Debug|x86.Build.0 = Debug|Any CPU
		{3A91929A-5CC2-4902-A243-FDD2306D85DF}.Release|Any CPU.ActiveCfg = Release|Any CPU
		{3A91929A-5CC2-4902-A243-FDD2306D85DF}.Release|Any CPU.Build.0 = Release|Any CPU
		{3A91929A-5CC2-4902-A243-FDD2306D85DF}.Release|x64.ActiveCfg = Release|Any CPU
		{3A91929A-5CC2-4902-A243-FDD2306D85DF}.Release|x64.Build.0 = Release|Any CPU
		{3A91929A-5CC2-4902-A243-FDD2306D85DF}.Release|x86.ActiveCfg = Release|Any CPU
		{3A91929A-5CC2-4902-A243-FDD2306D85DF}.Release|x86.Build.0 = Release|Any CPU
		{33203436-0534-4F84-86FC-F50E7F1B3791}.Debug|Any CPU.ActiveCfg = Debug|Any CPU
		{33203436-0534-4F84-86FC-F50E7F1B3791}.Debug|Any CPU.Build.0 = Debug|Any CPU
		{33203436-0534-4F84-86FC-F50E7F1B3791}.Debug|x64.ActiveCfg = Debug|Any CPU
		{33203436-0534-4F84-86FC-F50E7F1B3791}.Debug|x64.Build.0 = Debug|Any CPU
		{33203436-0534-4F84-86FC-F50E7F1B3791}.Debug|x86.ActiveCfg = Debug|Any CPU
		{33203436-0534-4F84-86FC-F50E7F1B3791}.Debug|x86.Build.0 = Debug|Any CPU
		{33203436-0534-4F84-86FC-F50E7F1B3791}.Release|Any CPU.ActiveCfg = Release|Any CPU
		{33203436-0534-4F84-86FC-F50E7F1B3791}.Release|Any CPU.Build.0 = Release|Any CPU
		{33203436-0534-4F84-86FC-F50E7F1B3791}.Release|x64.ActiveCfg = Release|Any CPU
		{33203436-0534-4F84-86FC-F50E7F1B3791}.Release|x64.Build.0 = Release|Any CPU
		{33203436-0534-4F84-86FC-F50E7F1B3791}.Release|x86.ActiveCfg = Release|Any CPU
		{33203436-0534-4F84-86FC-F50E7F1B3791}.Release|x86.Build.0 = Release|Any CPU
		{5132595F-21B0-4349-844A-03EAAE761430}.Debug|Any CPU.ActiveCfg = Debug|Any CPU
		{5132595F-21B0-4349-844A-03EAAE761430}.Debug|Any CPU.Build.0 = Debug|Any CPU
		{5132595F-21B0-4349-844A-03EAAE761430}.Debug|x64.ActiveCfg = Debug|Any CPU
		{5132595F-21B0-4349-844A-03EAAE761430}.Debug|x64.Build.0 = Debug|Any CPU
		{5132595F-21B0-4349-844A-03EAAE761430}.Debug|x86.ActiveCfg = Debug|Any CPU
		{5132595F-21B0-4349-844A-03EAAE761430}.Debug|x86.Build.0 = Debug|Any CPU
		{5132595F-21B0-4349-844A-03EAAE761430}.Release|Any CPU.ActiveCfg = Release|Any CPU
		{5132595F-21B0-4349-844A-03EAAE761430}.Release|Any CPU.Build.0 = Release|Any CPU
		{5132595F-21B0-4349-844A-03EAAE761430}.Release|x64.ActiveCfg = Release|Any CPU
		{5132595F-21B0-4349-844A-03EAAE761430}.Release|x64.Build.0 = Release|Any CPU
		{5132595F-21B0-4349-844A-03EAAE761430}.Release|x86.ActiveCfg = Release|Any CPU
		{5132595F-21B0-4349-844A-03EAAE761430}.Release|x86.Build.0 = Release|Any CPU
		{A480A358-67A5-4E14-B503-9A3E2DB3E8A4}.Debug|Any CPU.ActiveCfg = Debug|Any CPU
		{A480A358-67A5-4E14-B503-9A3E2DB3E8A4}.Debug|Any CPU.Build.0 = Debug|Any CPU
		{A480A358-67A5-4E14-B503-9A3E2DB3E8A4}.Debug|x64.ActiveCfg = Debug|Any CPU
		{A480A358-67A5-4E14-B503-9A3E2DB3E8A4}.Debug|x64.Build.0 = Debug|Any CPU
		{A480A358-67A5-4E14-B503-9A3E2DB3E8A4}.Debug|x86.ActiveCfg = Debug|Any CPU
		{A480A358-67A5-4E14-B503-9A3E2DB3E8A4}.Debug|x86.Build.0 = Debug|Any CPU
		{A480A358-67A5-4E14-B503-9A3E2DB3E8A4}.Release|Any CPU.ActiveCfg = Release|Any CPU
		{A480A358-67A5-4E14-B503-9A3E2DB3E8A4}.Release|Any CPU.Build.0 = Release|Any CPU
		{A480A358-67A5-4E14-B503-9A3E2DB3E8A4}.Release|x64.ActiveCfg = Release|Any CPU
		{A480A358-67A5-4E14-B503-9A3E2DB3E8A4}.Release|x64.Build.0 = Release|Any CPU
		{A480A358-67A5-4E14-B503-9A3E2DB3E8A4}.Release|x86.ActiveCfg = Release|Any CPU
		{A480A358-67A5-4E14-B503-9A3E2DB3E8A4}.Release|x86.Build.0 = Release|Any CPU
		{B29C0D41-ED32-45F7-A344-F4DC7F4930E6}.Debug|Any CPU.ActiveCfg = Debug|Any CPU
		{B29C0D41-ED32-45F7-A344-F4DC7F4930E6}.Debug|Any CPU.Build.0 = Debug|Any CPU
		{B29C0D41-ED32-45F7-A344-F4DC7F4930E6}.Debug|x64.ActiveCfg = Debug|Any CPU
		{B29C0D41-ED32-45F7-A344-F4DC7F4930E6}.Debug|x64.Build.0 = Debug|Any CPU
		{B29C0D41-ED32-45F7-A344-F4DC7F4930E6}.Debug|x86.ActiveCfg = Debug|Any CPU
		{B29C0D41-ED32-45F7-A344-F4DC7F4930E6}.Debug|x86.Build.0 = Debug|Any CPU
		{B29C0D41-ED32-45F7-A344-F4DC7F4930E6}.Release|Any CPU.ActiveCfg = Release|Any CPU
		{B29C0D41-ED32-45F7-A344-F4DC7F4930E6}.Release|Any CPU.Build.0 = Release|Any CPU
		{B29C0D41-ED32-45F7-A344-F4DC7F4930E6}.Release|x64.ActiveCfg = Release|Any CPU
		{B29C0D41-ED32-45F7-A344-F4DC7F4930E6}.Release|x64.Build.0 = Release|Any CPU
		{B29C0D41-ED32-45F7-A344-F4DC7F4930E6}.Release|x86.ActiveCfg = Release|Any CPU
		{B29C0D41-ED32-45F7-A344-F4DC7F4930E6}.Release|x86.Build.0 = Release|Any CPU
		{BCFC2DE3-5269-47D0-9E46-F9D7A44AF9D4}.Debug|Any CPU.ActiveCfg = Debug|Any CPU
		{BCFC2DE3-5269-47D0-9E46-F9D7A44AF9D4}.Debug|Any CPU.Build.0 = Debug|Any CPU
		{BCFC2DE3-5269-47D0-9E46-F9D7A44AF9D4}.Debug|x64.ActiveCfg = Debug|Any CPU
		{BCFC2DE3-5269-47D0-9E46-F9D7A44AF9D4}.Debug|x64.Build.0 = Debug|Any CPU
		{BCFC2DE3-5269-47D0-9E46-F9D7A44AF9D4}.Debug|x86.ActiveCfg = Debug|Any CPU
		{BCFC2DE3-5269-47D0-9E46-F9D7A44AF9D4}.Debug|x86.Build.0 = Debug|Any CPU
		{BCFC2DE3-5269-47D0-9E46-F9D7A44AF9D4}.Release|Any CPU.ActiveCfg = Release|Any CPU
		{BCFC2DE3-5269-47D0-9E46-F9D7A44AF9D4}.Release|Any CPU.Build.0 = Release|Any CPU
		{BCFC2DE3-5269-47D0-9E46-F9D7A44AF9D4}.Release|x64.ActiveCfg = Release|Any CPU
		{BCFC2DE3-5269-47D0-9E46-F9D7A44AF9D4}.Release|x64.Build.0 = Release|Any CPU
		{BCFC2DE3-5269-47D0-9E46-F9D7A44AF9D4}.Release|x86.ActiveCfg = Release|Any CPU
		{BCFC2DE3-5269-47D0-9E46-F9D7A44AF9D4}.Release|x86.Build.0 = Release|Any CPU
	EndGlobalSection
	GlobalSection(SolutionProperties) = preSolution
		HideSolutionNode = FALSE
	EndGlobalSection
	GlobalSection(NestedProjects) = preSolution
		{7285A9E7-5BE2-487B-A848-ABACA9E9DE62} = {781566AA-F56D-46B9-B58E-28B358345EC7}
		{FFFA24EF-52DB-41C5-A615-202C79A7A8DF} = {7285A9E7-5BE2-487B-A848-ABACA9E9DE62}
		{3534E3C5-6CD0-445E-A8A6-B3D5B501483D} = {7285A9E7-5BE2-487B-A848-ABACA9E9DE62}
		{9A3CBBDE-A693-4E28-BBB2-A5D4949F4F86} = {781566AA-F56D-46B9-B58E-28B358345EC7}
		{3A91929A-5CC2-4902-A243-FDD2306D85DF} = {9A3CBBDE-A693-4E28-BBB2-A5D4949F4F86}
		{33203436-0534-4F84-86FC-F50E7F1B3791} = {9A3CBBDE-A693-4E28-BBB2-A5D4949F4F86}
		{B7A7FAA8-9E04-49DF-86F8-18AC37713325} = {781566AA-F56D-46B9-B58E-28B358345EC7}
		{5132595F-21B0-4349-844A-03EAAE761430} = {B7A7FAA8-9E04-49DF-86F8-18AC37713325}
		{A480A358-67A5-4E14-B503-9A3E2DB3E8A4} = {9A3CBBDE-A693-4E28-BBB2-A5D4949F4F86}
		{B29C0D41-ED32-45F7-A344-F4DC7F4930E6} = {C8DD45B4-4FD5-4AAF-922E-2B7911CC7DFC}
		{BCFC2DE3-5269-47D0-9E46-F9D7A44AF9D4} = {C8DD45B4-4FD5-4AAF-922E-2B7911CC7DFC}
	EndGlobalSection
	GlobalSection(ExtensibilityGlobals) = postSolution
		SolutionGuid = {2140D067-DA20-44CD-B265-84A973D4B0F6}
	EndGlobalSection
EndGlobal
